# This file is autogenerated, do not edit; changes may be undone by the next 'dep ensure'.


[[projects]]
  branch = "master"
  digest = "1:41959f43fed8e9510c9a9b05968cd53e9a950baa6cd136fa122fd2169e50db75"
  name = "github.com/aristanetworks/goarista"
  packages = ["monotime"]
  pruneopts = ""
  revision = "52c2a7864a0891eefaed13a457510c7405a7105b"

[[projects]]
  digest = "1:8722889ad027febfced94665914d1e7be8f1b703d31f2ef9461c59e4d40fe974"
  name = "github.com/certifi/gocertifi"
  packages = ["."]
  pruneopts = ""
  revision = "deb3ae2ef2610fde3330947281941c562861188b"
  version = "2018.01.18"

[[projects]]
  digest = "1:aaeffbff5bd24654cb4c190ed75d6c7b57b4f5d6741914c1a7a6bb7447e756c5"
  name = "github.com/deckarep/golang-set"
  packages = ["."]
  pruneopts = ""
  revision = "cbaa98ba5575e67703b32b4b19f73c91f3c4159e"
  version = "v1.7.1"

[[projects]]
  digest = "1:ec9ff3e8c647a9318ae80615b4dd3c40efa21396d08f0f1d0de16a452c061ff8"
  name = "github.com/ethereum/go-ethereum"
  packages = [
    ".",
    "accounts",
    "accounts/abi",
    "accounts/abi/bind",
    "accounts/keystore",
    "common",
    "common/hexutil",
    "common/math",
    "common/mclock",
    "common/prque",
    "core/types",
    "crypto",
    "crypto/secp256k1",
    "crypto/sha3",
    "ethclient",
    "ethdb",
    "event",
    "log",
    "metrics",
    "p2p/netutil",
    "params",
    "rlp",
    "rpc",
    "trie",
  ]
  pruneopts = ""
  revision = "1fb6138d017a4309105d91f187c126cf979c93f9"
  source = "https://github.com/loomnetwork/go-ethereum.git"

[[projects]]
  digest = "1:eb53021a8aa3f599d29c7102e65026242bdedce998a54837dc67f14b6a97c5fd"
  name = "github.com/fsnotify/fsnotify"
  packages = ["."]
  pruneopts = ""
  revision = "c2828203cd70a50dcccfb2761f8b1f8ceef9a8e9"
  version = "v1.4.7"

[[projects]]
  digest = "1:40548207236a3c3d02b4dae094f5901d662a792e015948287dc3e9ea1bd50674"
  name = "github.com/getsentry/raven-go"
  packages = ["."]
  pruneopts = ""
  revision = "f04e7487e9a6b9d9837d52743fb5f40576c56411"
  version = "v0.2.0"

[[projects]]
  digest = "1:e692d16fdfbddb94e9e4886aaf6c08bdbae5cb4ac80651445de9181b371c6e46"
  name = "github.com/go-sql-driver/mysql"
  packages = ["."]
  pruneopts = ""
  revision = "72cd26f257d44c1114970e19afddcd812016007e"
  version = "v1.4.1"

[[projects]]
  digest = "1:a01080d20c45c031c13f3828c56e58f4f51d926a482ad10cc0316225097eb7ea"
  name = "github.com/go-stack/stack"
  packages = ["."]
  pruneopts = ""
  revision = "2fee6af1a9795aafbe0253a0cfbdf668e1fb8a9a"
  version = "v1.8.0"

[[projects]]
  digest = "1:6a6322a15aa8e99bd156fbba0aae4e5d67b4bb05251d860b348a45dfdcba9cce"
  name = "github.com/golang/snappy"
  packages = ["."]
  pruneopts = ""
  revision = "2a8bb927dd31d8daada140a5d09578521ce5c36a"
  version = "v0.0.1"

[[projects]]
  digest = "1:ad92aa49f34cbc3546063c7eb2cabb55ee2278b72842eda80e2a20a8a06a8d73"
  name = "github.com/google/uuid"
  packages = ["."]
  pruneopts = ""
  revision = "0cd6bf5da1e1c83f8b45653022c74f71af0538a4"
  version = "v1.1.1"

[[projects]]
  digest = "1:dbbeb8ddb0be949954c8157ee8439c2adfd8dc1c9510eb44a6e58cb68c3dce28"
  name = "github.com/gorilla/context"
  packages = ["."]
  pruneopts = ""
  revision = "08b5f424b9271eedf6f9f0ce86cb9396ed337a42"
  version = "v1.1.1"

[[projects]]
  digest = "1:ec5262e6c65f9fcedc01d7789ee4e18ad429dde822cfd50e57e3fd77c4d70c73"
  name = "github.com/gorilla/mux"
  packages = ["."]
  pruneopts = ""
  revision = "ed099d42384823742bba0bf9a72b53b55c9e2e38"
  version = "v1.7.2"

[[projects]]
  digest = "1:0ac6e3ff92898a6515262aa2b1804c4c93dc379583893f3b662165b57541fc14"
  name = "github.com/gorilla/pat"
  packages = ["."]
  pruneopts = ""
  revision = "71e7b868be7be92ceedfa2836fb96701b5b4b123"
  version = "v1.0"

[[projects]]
  digest = "1:d14365c51dd1d34d5c79833ec91413bfbb166be978724f15701e17080dc06dec"
  name = "github.com/hashicorp/hcl"
  packages = [
    ".",
    "hcl/ast",
    "hcl/parser",
    "hcl/printer",
    "hcl/scanner",
    "hcl/strconv",
    "hcl/token",
    "json/parser",
    "json/scanner",
    "json/token",
  ]
  pruneopts = ""
  revision = "8cb6e5b959231cc1119e43259c4a608f9c51a241"
  version = "v1.0.0"

[[projects]]
  digest = "1:109124d16db1dbb262a0d22c7d2490ab90bc210c4c4f99c694143dd0db24622d"
  name = "github.com/jinzhu/gorm"
  packages = [
    ".",
    "dialects/mysql",
  ]
  pruneopts = ""
  revision = "01b66011427614f01e84a473b0303c917179f2a0"
  version = "v1.9.9"

[[projects]]
  digest = "1:a7b97371fb9af808b6a4fcc6693276ef7869bb1f282c3c87038c6c7e74ef4ae6"
  name = "github.com/jinzhu/inflection"
  packages = ["."]
  pruneopts = ""
  revision = "f5c5f50e6090ae76a29240b61ae2a90dd810112e"
  version = "v1.0.0"

[[projects]]
  digest = "1:0f51cee70b0d254dbc93c22666ea2abf211af81c1701a96d04e2284b408621db"
  name = "github.com/konsorten/go-windows-terminal-sequences"
  packages = ["."]
  pruneopts = ""
  revision = "f55edac94c9bbba5d6182a4be46d86a2c9b5b50e"
  version = "v1.0.2"

[[projects]]
  digest = "1:ece6d2d5f3bea659a91563fb1eae46204ad320b6d005ad4f0b8dfd7ba89c3fbb"
  name = "github.com/loomnetwork/go-loom"
  packages = [
    ".",
    "auth",
    "auth/secp256k1",
    "auth/yubihsm",
    "builtin/types/plasma_cash",
    "builtin/types/transfer_gateway",
    "client",
    "client/plasma_cash",
    "common",
    "common/evmcompat",
    "crypto",
    "plugin",
    "plugin/types",
    "types",
    "util",
    "vm",
  ]
  pruneopts = ""
  revision = "e6e78a113f6796a3f501aa16739b143be4835194"
  version = "latest"

[[projects]]
  digest = "1:ae39921edb7f801f7ce1b6b5484f9715a1dd2b52cb645daef095cd10fd6ee774"
  name = "github.com/magiconair/properties"
  packages = ["."]
  pruneopts = ""
  revision = "de8848e004dd33dc07a2947b3d76f618a7fc7ef1"
  version = "v1.8.1"

[[projects]]
  digest = "1:bcc46a0fbd9e933087bef394871256b5c60269575bb661935874729c65bbbf60"
  name = "github.com/mitchellh/mapstructure"
  packages = ["."]
  pruneopts = ""
  revision = "3536a929edddb9a5b34bd6861dc4a9647cb459fe"
  version = "v1.1.2"

[[projects]]
  digest = "1:a5484d4fa43127138ae6e7b2299a6a52ae006c7f803d98d717f60abf3e97192e"
  name = "github.com/pborman/uuid"
  packages = ["."]
  pruneopts = ""
  revision = "adf5a7427709b9deb95d29d3fa8a2bf9cfd388f1"
  version = "v1.2"

[[projects]]
  digest = "1:3d2c33720d4255686b9f4a7e4d3b94938ee36063f14705c5eb0f73347ed4c496"
  name = "github.com/pelletier/go-toml"
  packages = ["."]
  pruneopts = ""
  revision = "728039f679cbcd4f6a54e080d2219a4c4928c546"
  version = "v1.4.0"

[[projects]]
  digest = "1:1d7e1867c49a6dd9856598ef7c3123604ea3daabf5b83f303ff457bcbc410b1d"
  name = "github.com/pkg/errors"
  packages = ["."]
  pruneopts = ""
  revision = "ba968bfe8b2f7e042a574c888954fccecfa385b4"
  version = "v0.8.1"

[[projects]]
  digest = "1:6938b6ee0351393c55baa54b64352e49a741a1b7b616a7d134d237106812070f"
  name = "github.com/rjeczalik/notify"
  packages = ["."]
  pruneopts = ""
  revision = "69d839f37b13a8cb7a78366f7633a4071cb43be7"
  version = "v0.9.2"

[[projects]]
  digest = "1:5f47c69f85311c4dc292be6cc995a0a3fe8337a6ce38ef4f71e5b7efd5ad42e0"
  name = "github.com/rs/cors"
  packages = ["."]
  pruneopts = ""
  revision = "9a47f48565a795472d43519dd49aac781f3034fb"
  version = "v1.6.0"

[[projects]]
  digest = "1:1a405cddcf3368445051fb70ab465ae99da56ad7be8d8ca7fc52159d1c2d873c"
  name = "github.com/sirupsen/logrus"
  packages = ["."]
  pruneopts = ""
  revision = "839c75faf7f98a33d445d181f3018b5c3409a45e"
  version = "v1.4.2"

[[projects]]
  digest = "1:956f655c87b7255c6b1ae6c203ebb0af98cf2a13ef2507e34c9bf1c0332ac0f5"
  name = "github.com/spf13/afero"
  packages = [
    ".",
    "mem",
  ]
  pruneopts = ""
  revision = "588a75ec4f32903aa5e39a2619ba6a4631e28424"
  version = "v1.2.2"

[[projects]]
  digest = "1:ae3493c780092be9d576a1f746ab967293ec165e8473425631f06658b6212afc"
  name = "github.com/spf13/cast"
  packages = ["."]
  pruneopts = ""
  revision = "8c9545af88b134710ab1cd196795e7f2388358d7"
  version = "v1.3.0"

[[projects]]
  digest = "1:cc15ae4fbdb02ce31f3392361a70ac041f4f02e0485de8ffac92bd8033e3d26e"
  name = "github.com/spf13/jwalterweatherman"
  packages = ["."]
  pruneopts = ""
  revision = "94f6ae3ed3bceceafa716478c5fbf8d29ca601a1"
  version = "v1.1.0"

[[projects]]
  digest = "1:9b483544fcf4fc0155e566f49ee669c205fba12a36eb18e7f80510796a606db4"
  name = "github.com/spf13/viper"
  packages = ["."]
  pruneopts = ""
  revision = "b5bf975e5823809fb22c7644d008757f78a4259e"
  version = "v1.4.0"

[[projects]]
  digest = "1:0a9834d471916f392c608d4f13225444d47b6b7a0378dce1aef683d83711179f"
  name = "github.com/syndtr/goleveldb"
  packages = [
    "leveldb",
    "leveldb/cache",
    "leveldb/comparer",
    "leveldb/errors",
    "leveldb/filter",
    "leveldb/iterator",
    "leveldb/journal",
    "leveldb/memdb",
    "leveldb/opt",
    "leveldb/storage",
    "leveldb/table",
    "leveldb/util",
  ]
  pruneopts = ""
  revision = "9d007e481048296f09f59bd19bb7ae584563cd95"
  version = "v1.0.0"

[[projects]]
  branch = "master"
  digest = "1:e8dcab1991c5afb5f4cf88ebfbe7edc85407cc3c3a0768e705e10158b2036963"
  name = "golang.org/x/net"
  packages = [
    "context",
    "websocket",
  ]
  pruneopts = ""
  revision = "d28f0bde5980168871434b95cfc858db9f2a7a99"

[[projects]]
  branch = "master"
  digest = "1:3e58d7c7f8e8393f1738c1e57295392d3a0560a1785738010ce40a87c3fe1096"
  name = "golang.org/x/sys"
  packages = ["unix"]
  pruneopts = ""
  revision = "15dcb6c0061f497a3f66e3ea034b629c6dd4d99e"

[[projects]]
  digest = "1:740b51a55815493a8d0f2b1e0d0ae48fe48953bf7eaf3fcc4198823bf67768c0"
  name = "golang.org/x/text"
  packages = [
    "internal/gen",
    "internal/triegen",
    "internal/ucd",
    "transform",
    "unicode/cldr",
    "unicode/norm",
  ]
  pruneopts = ""
  revision = "342b2e1fbaa52c93f31447ad2c6abc048c63e475"
  version = "v0.3.2"

[[projects]]
  branch = "master"
  digest = "1:e2434cff2ebc25f97fccf788ddfa1cbc8b47bee9eb71a2f0c93d49310a331e53"
  name = "golang.org/x/tools"
  packages = [
    "go/ast/astutil",
    "go/gcexportdata",
    "go/internal/gcimporter",
    "go/internal/packagesdriver",
    "go/packages",
    "go/types/typeutil",
    "imports",
    "internal/fastwalk",
    "internal/gopathwalk",
    "internal/imports",
    "internal/module",
    "internal/semver",
  ]
  pruneopts = ""
  revision = "da514acc4774e511ba0c2955844e655a5b20938c"

[[projects]]
  digest = "1:47f391ee443f578f01168347818cb234ed819521e49e4d2c8dd2fb80d48ee41a"
  name = "google.golang.org/appengine"
  packages = ["cloudsql"]
  pruneopts = ""
  revision = "b2f4a3cf3c67576a2ee09e1fe62656a5086ce880"
  version = "v1.6.1"

[[projects]]
  branch = "v2"
  digest = "1:4f830ee018eb8c56d0def653ad7c9a1d2a053f0cef2ac6b2200f73b98fa6a681"
  name = "gopkg.in/natefinch/npipe.v2"
  packages = ["."]
  pruneopts = ""
  revision = "c1b8fa8bdccecb0b8db834ee0b92fdbcfa606dd6"

[[projects]]
  digest = "1:cedccf16b71e86db87a24f8d4c70b0a855872eb967cb906a66b95de56aefbd0d"
  name = "gopkg.in/yaml.v2"
  packages = ["."]
  pruneopts = ""
  revision = "51d6538a90f86fe93ac480b35f37b2be17fef232"
  version = "v2.2.2"

[solve-meta]
  analyzer-name = "dep"
  analyzer-version = 1
  input-imports = [
    "github.com/ethereum/go-ethereum",
    "github.com/ethereum/go-ethereum/accounts/abi",
    "github.com/ethereum/go-ethereum/accounts/abi/bind",
    "github.com/ethereum/go-ethereum/common",
    "github.com/ethereum/go-ethereum/core/types",
    "github.com/ethereum/go-ethereum/event",
    "github.com/getsentry/raven-go",
    "github.com/go-sql-driver/mysql",
    "github.com/gorilla/pat",
    "github.com/jinzhu/gorm",
    "github.com/jinzhu/gorm/dialects/mysql",
    "github.com/loomnetwork/go-loom",
    "github.com/loomnetwork/go-loom/client",
    "github.com/loomnetwork/go-loom/common",
    "github.com/pkg/errors",
    "github.com/sirupsen/logrus",
    "github.com/spf13/viper",
  ]
  solver-name = "gps-cdcl"
  solver-version = 1
